
Microsoft Visual Studio Solution File, Format Version 12.00
# Visual Studio 2017
Project("{FAE04EC0-301F-11D3-BF4B-00C04F79EFBC}") = "Job", "Job.csproj", "{7F75019F-69AF-7537-BE43-52F55B6C9829}"
EndProject
Project("{FAE04EC0-301F-11D3-BF4B-00C04F79EFBC}") = "Job.Editor", "Job.Editor.csproj", "{49A6E7BC-6E18-BFC2-C967-62634D106AC9}"
EndProject
Global
	GlobalSection(SolutionConfigurationPlatforms) = preSolution
		Debug|Any CPU = Debug|Any CPU
		Release|Any CPU = Release|Any CPU
	EndGlobalSection
	GlobalSection(ProjectConfigurationPlatforms) = postSolution
		{7F75019F-69AF-7537-BE43-52F55B6C9829}.Debug|Any CPU.ActiveCfg = Debug|Any CPU
		{7F75019F-69AF-7537-BE43-52F55B6C9829}.Debug|Any CPU.Build.0 = Debug|Any CPU
		{7F75019F-69AF-7537-BE43-52F55B6C9829}.Release|Any CPU.ActiveCfg = Release|Any CPU
		{7F75019F-69AF-7537-BE43-52F55B6C9829}.Release|Any CPU.Build.0 = Release|Any CPU
		{49A6E7BC-6E18-BFC2-C967-62634D106AC9}.Debug|Any CPU.ActiveCfg = Debug|Any CPU
		{49A6E7BC-6E18-BFC2-C967-62634D106AC9}.Debug|Any CPU.Build.0 = Debug|Any CPU
		{49A6E7BC-6E18-BFC2-C967-62634D106AC9}.Release|Any CPU.ActiveCfg = Release|Any CPU
		{49A6E7BC-6E18-BFC2-C967-62634D106AC9}.Release|Any CPU.Build.0 = Release|Any CPU
	EndGlobalSection
	GlobalSection(SolutionProperties) = preSolution
		HideSolutionNode = FALSE
	EndGlobalSection
EndGlobal
